// !$*UTF8*$!
{
	archiveVersion = 1;
	classes = {
	};
	objectVersion = 50;
	objects = {

/* Begin PBXBuildFile section */
		F8AC061B24707A6800028B14 /* AppDelegate.swift in Sources */ = {isa = PBXBuildFile; fileRef = F8AC061A24707A6800028B14 /* AppDelegate.swift */; };
		F8AC061D24707A6800028B14 /* SceneDelegate.swift in Sources */ = {isa = PBXBuildFile; fileRef = F8AC061C24707A6800028B14 /* SceneDelegate.swift */; };
		F8AC061F24707A6800028B14 /* ViewController.swift in Sources */ = {isa = PBXBuildFile; fileRef = F8AC061E24707A6800028B14 /* ViewController.swift */; };
		F8AC062224707A6800028B14 /* Main.storyboard in Resources */ = {isa = PBXBuildFile; fileRef = F8AC062024707A6800028B14 /* Main.storyboard */; };
		F8AC062424707A6900028B14 /* Assets.xcassets in Resources */ = {isa = PBXBuildFile; fileRef = F8AC062324707A6900028B14 /* Assets.xcassets */; };
		F8AC062724707A6900028B14 /* LaunchScreen.storyboard in Resources */ = {isa = PBXBuildFile; fileRef = F8AC062524707A6900028B14 /* LaunchScreen.storyboard */; };
		F8AC063224707A6900028B14 /* Learn2CodeTests.swift in Sources */ = {isa = PBXBuildFile; fileRef = F8AC063124707A6900028B14 /* Learn2CodeTests.swift */; };
		F8AC063D24707A6900028B14 /* Learn2CodeUITests.swift in Sources */ = {isa = PBXBuildFile; fileRef = F8AC063C24707A6900028B14 /* Learn2CodeUITests.swift */; };
		F8AC064B24707E2700028B14 /* QuizViewController.swift in Sources */ = {isa = PBXBuildFile; fileRef = F8AC064A24707E2700028B14 /* QuizViewController.swift */; };
		F8AC064D24711AA800028B14 /* ReaderViewController.swift in Sources */ = {isa = PBXBuildFile; fileRef = F8AC064C24711AA800028B14 /* ReaderViewController.swift */; };
/* End PBXBuildFile section */

/* Begin PBXContainerItemProxy section */
		F8AC062E24707A6900028B14 /* PBXContainerItemProxy */ = {
			isa = PBXContainerItemProxy;
			containerPortal = F8AC060F24707A6800028B14 /* Project object */;
			proxyType = 1;
			remoteGlobalIDString = F8AC061624707A6800028B14;
			remoteInfo = Learn2Code;
		};
		F8AC063924707A6900028B14 /* PBXContainerItemProxy */ = {
			isa = PBXContainerItemProxy;
			containerPortal = F8AC060F24707A6800028B14 /* Project object */;
			proxyType = 1;
			remoteGlobalIDString = F8AC061624707A6800028B14;
			remoteInfo = Learn2Code;
		};
/* End PBXContainerItemProxy section */

/* Begin PBXFileReference section */
		F8AC061724707A6800028B14 /* Learn2Code.app */ = {isa = PBXFileReference; explicitFileType = wrapper.application; includeInIndex = 0; path = Learn2Code.app; sourceTree = BUILT_PRODUCTS_DIR; };
		F8AC061A24707A6800028B14 /* AppDelegate.swift */ = {isa = PBXFileReference; lastKnownFileType = sourcecode.swift; path = AppDelegate.swift; sourceTree = "<group>"; };
		F8AC061C24707A6800028B14 /* SceneDelegate.swift */ = {isa = PBXFileReference; lastKnownFileType = sourcecode.swift; path = SceneDelegate.swift; sourceTree = "<group>"; };
		F8AC061E24707A6800028B14 /* ViewController.swift */ = {isa = PBXFileReference; lastKnownFileType = sourcecode.swift; path = ViewController.swift; sourceTree = "<group>"; };
		F8AC062124707A6800028B14 /* Base */ = {isa = PBXFileReference; lastKnownFileType = file.storyboard; name = Base; path = Base.lproj/Main.storyboard; sourceTree = "<group>"; };
		F8AC062324707A6900028B14 /* Assets.xcassets */ = {isa = PBXFileReference; lastKnownFileType = folder.assetcatalog; path = Assets.xcassets; sourceTree = "<group>"; };
		F8AC062624707A6900028B14 /* Base */ = {isa = PBXFileReference; lastKnownFileType = file.storyboard; name = Base; path = Base.lproj/LaunchScreen.storyboard; sourceTree = "<group>"; };
		F8AC062824707A6900028B14 /* Info.plist */ = {isa = PBXFileReference; lastKnownFileType = text.plist.xml; path = Info.plist; sourceTree = "<group>"; };
		F8AC062D24707A6900028B14 /* Learn2CodeTests.xctest */ = {isa = PBXFileReference; explicitFileType = wrapper.cfbundle; includeInIndex = 0; path = Learn2CodeTests.xctest; sourceTree = BUILT_PRODUCTS_DIR; };
		F8AC063124707A6900028B14 /* Learn2CodeTests.swift */ = {isa = PBXFileReference; lastKnownFileType = sourcecode.swift; path = Learn2CodeTests.swift; sourceTree = "<group>"; };
		F8AC063324707A6900028B14 /* Info.plist */ = {isa = PBXFileReference; lastKnownFileType = text.plist.xml; path = Info.plist; sourceTree = "<group>"; };
		F8AC063824707A6900028B14 /* Learn2CodeUITests.xctest */ = {isa = PBXFileReference; explicitFileType = wrapper.cfbundle; includeInIndex = 0; path = Learn2CodeUITests.xctest; sourceTree = BUILT_PRODUCTS_DIR; };
		F8AC063C24707A6900028B14 /* Learn2CodeUITests.swift */ = {isa = PBXFileReference; lastKnownFileType = sourcecode.swift; path = Learn2CodeUITests.swift; sourceTree = "<group>"; };
		F8AC063E24707A6900028B14 /* Info.plist */ = {isa = PBXFileReference; lastKnownFileType = text.plist.xml; path = Info.plist; sourceTree = "<group>"; };
		F8AC064A24707E2700028B14 /* QuizViewController.swift */ = {isa = PBXFileReference; lastKnownFileType = sourcecode.swift; path = QuizViewController.swift; sourceTree = "<group>"; };
		F8AC064C24711AA800028B14 /* ReaderViewController.swift */ = {isa = PBXFileReference; lastKnownFileType = sourcecode.swift; path = ReaderViewController.swift; sourceTree = "<group>"; };
/* End PBXFileReference section */

/* Begin PBXFrameworksBuildPhase section */
		F8AC061424707A6800028B14 /* Frameworks */ = {
			isa = PBXFrameworksBuildPhase;
			buildActionMask = 2147483647;
			files = (
			);
			runOnlyForDeploymentPostprocessing = 0;
		};
		F8AC062A24707A6900028B14 /* Frameworks */ = {
			isa = PBXFrameworksBuildPhase;
			buildActionMask = 2147483647;
			files = (
			);
			runOnlyForDeploymentPostprocessing = 0;
		};
		F8AC063524707A6900028B14 /* Frameworks */ = {
			isa = PBXFrameworksBuildPhase;
			buildActionMask = 2147483647;
			files = (
			);
			runOnlyForDeploymentPostprocessing = 0;
		};
/* End PBXFrameworksBuildPhase section */

/* Begin PBXGroup section */
		F8AC060E24707A6800028B14 = {
			isa = PBXGroup;
			children = (
				F8AC061924707A6800028B14 /* Learn2Code */,
				F8AC063024707A6900028B14 /* Learn2CodeTests */,
				F8AC063B24707A6900028B14 /* Learn2CodeUITests */,
				F8AC061824707A6800028B14 /* Products */,
			);
			sourceTree = "<group>";
		};
		F8AC061824707A6800028B14 /* Products */ = {
			isa = PBXGroup;
			children = (
				F8AC061724707A6800028B14 /* Learn2Code.app */,
				F8AC062D24707A6900028B14 /* Learn2CodeTests.xctest */,
				F8AC063824707A6900028B14 /* Learn2CodeUITests.xctest */,
			);
			name = Products;
			sourceTree = "<group>";
		};
		F8AC061924707A6800028B14 /* Learn2Code */ = {
			isa = PBXGroup;
			children = (
				F8AC061A24707A6800028B14 /* AppDelegate.swift */,
				F8AC061C24707A6800028B14 /* SceneDelegate.swift */,
				F8AC061E24707A6800028B14 /* ViewController.swift */,
				F8AC062024707A6800028B14 /* Main.storyboard */,
				F8AC062324707A6900028B14 /* Assets.xcassets */,
				F8AC062524707A6900028B14 /* LaunchScreen.storyboard */,
				F8AC062824707A6900028B14 /* Info.plist */,
				F8AC064A24707E2700028B14 /* QuizViewController.swift */,
				F8AC064C24711AA800028B14 /* ReaderViewController.swift */,
			);
			path = Learn2Code;
			sourceTree = "<group>";
		};
		F8AC063024707A6900028B14 /* Learn2CodeTests */ = {
			isa = PBXGroup;
			children = (
				F8AC063124707A6900028B14 /* Learn2CodeTests.swift */,
				F8AC063324707A6900028B14 /* Info.plist */,
			);
			path = Learn2CodeTests;
			sourceTree = "<group>";
		};
		F8AC063B24707A6900028B14 /* Learn2CodeUITests */ = {
			isa = PBXGroup;
			children = (
				F8AC063C24707A6900028B14 /* Learn2CodeUITests.swift */,
				F8AC063E24707A6900028B14 /* Info.plist */,
			);
			path = Learn2CodeUITests;
			sourceTree = "<group>";
		};
/* End PBXGroup section */

/* Begin PBXNativeTarget section */
		F8AC061624707A6800028B14 /* Learn2Code */ = {
			isa = PBXNativeTarget;
			buildConfigurationList = F8AC064124707A6900028B14 /* Build configuration list for PBXNativeTarget "Learn2Code" */;
			buildPhases = (
				F8AC061324707A6800028B14 /* Sources */,
				F8AC061424707A6800028B14 /* Frameworks */,
				F8AC061524707A6800028B14 /* Resources */,
			);
			buildRules = (
			);
			dependencies = (
			);
			name = Learn2Code;
			productName = Learn2Code;
			productReference = F8AC061724707A6800028B14 /* Learn2Code.app */;
			productType = "com.apple.product-type.application";
		};
		F8AC062C24707A6900028B14 /* Learn2CodeTests */ = {
			isa = PBXNativeTarget;
			buildConfigurationList = F8AC064424707A6900028B14 /* Build configuration list for PBXNativeTarget "Learn2CodeTests" */;
			buildPhases = (
				F8AC062924707A6900028B14 /* Sources */,
				F8AC062A24707A6900028B14 /* Frameworks */,
				F8AC062B24707A6900028B14 /* Resources */,
			);
			buildRules = (
			);
			dependencies = (
				F8AC062F24707A6900028B14 /* PBXTargetDependency */,
			);
			name = Learn2CodeTests;
			productName = Learn2CodeTests;
			productReference = F8AC062D24707A6900028B14 /* Learn2CodeTests.xctest */;
			productType = "com.apple.product-type.bundle.unit-test";
		};
		F8AC063724707A6900028B14 /* Learn2CodeUITests */ = {
			isa = PBXNativeTarget;
			buildConfigurationList = F8AC064724707A6900028B14 /* Build configuration list for PBXNativeTarget "Learn2CodeUITests" */;
			buildPhases = (
				F8AC063424707A6900028B14 /* Sources */,
				F8AC063524707A6900028B14 /* Frameworks */,
				F8AC063624707A6900028B14 /* Resources */,
			);
			buildRules = (
			);
			dependencies = (
				F8AC063A24707A6900028B14 /* PBXTargetDependency */,
			);
			name = Learn2CodeUITests;
			productName = Learn2CodeUITests;
			productReference = F8AC063824707A6900028B14 /* Learn2CodeUITests.xctest */;
			productType = "com.apple.product-type.bundle.ui-testing";
		};
/* End PBXNativeTarget section */

/* Begin PBXProject section */
		F8AC060F24707A6800028B14 /* Project object */ = {
			isa = PBXProject;
			attributes = {
				LastSwiftUpdateCheck = 1130;
				LastUpgradeCheck = 1130;
				ORGANIZATIONNAME = "Basharat Anis";
				TargetAttributes = {
					F8AC061624707A6800028B14 = {
						CreatedOnToolsVersion = 11.3.1;
					};
					F8AC062C24707A6900028B14 = {
						CreatedOnToolsVersion = 11.3.1;
						TestTargetID = F8AC061624707A6800028B14;
					};
					F8AC063724707A6900028B14 = {
						CreatedOnToolsVersion = 11.3.1;
						TestTargetID = F8AC061624707A6800028B14;
					};
				};
			};
			buildConfigurationList = F8AC061224707A6800028B14 /* Build configuration list for PBXProject "Learn2Code" */;
			compatibilityVersion = "Xcode 9.3";
			developmentRegion = en;
			hasScannedForEncodings = 0;
			knownRegions = (
				en,
				Base,
			);
			mainGroup = F8AC060E24707A6800028B14;
			productRefGroup = F8AC061824707A6800028B14 /* Products */;
			projectDirPath = "";
			projectRoot = "";
			targets = (
				F8AC061624707A6800028B14 /* Learn2Code */,
				F8AC062C24707A6900028B14 /* Learn2CodeTests */,
				F8AC063724707A6900028B14 /* Learn2CodeUITests */,
			);
		};
/* End PBXProject section */

/* Begin PBXResourcesBuildPhase section */
		F8AC061524707A6800028B14 /* Resources */ = {
			isa = PBXResourcesBuildPhase;
			buildActionMask = 2147483647;
			files = (
				F8AC062724707A6900028B14 /* LaunchScreen.storyboard in Resources */,
				F8AC062424707A6900028B14 /* Assets.xcassets in Resources */,
				F8AC062224707A6800028B14 /* Main.storyboard in Resources */,
			);
			runOnlyForDeploymentPostprocessing = 0;
		};
		F8AC062B24707A6900028B14 /* Resources */ = {
			isa = PBXResourcesBuildPhase;
			buildActionMask = 2147483647;
			files = (
			);
			runOnlyForDeploymentPostprocessing = 0;
		};
		F8AC063624707A6900028B14 /* Resources */ = {
			isa = PBXResourcesBuildPhase;
			buildActionMask = 2147483647;
			files = (
			);
			runOnlyForDeploymentPostprocessing = 0;
		};
/* End PBXResourcesBuildPhase section */

/* Begin PBXSourcesBuildPhase section */
		F8AC061324707A6800028B14 /* Sources */ = {
			isa = PBXSourcesBuildPhase;
			buildActionMask = 2147483647;
			files = (
				F8AC064D24711AA800028B14 /* ReaderViewController.swift in Sources */,
				F8AC061F24707A6800028B14 /* ViewController.swift in Sources */,
				F8AC061B24707A6800028B14 /* AppDelegate.swift in Sources */,
				F8AC061D24707A6800028B14 /* SceneDelegate.swift in Sources */,
				F8AC064B24707E2700028B14 /* QuizViewController.swift in Sources */,
			);
			runOnlyForDeploymentPostprocessing = 0;
		};
		F8AC062924707A6900028B14 /* Sources */ = {
			isa = PBXSourcesBuildPhase;
			buildActionMask = 2147483647;
			files = (
				F8AC063224707A6900028B14 /* Learn2CodeTests.swift in Sources */,
			);
			runOnlyForDeploymentPostprocessing = 0;
		};
		F8AC063424707A6900028B14 /* Sources */ = {
			isa = PBXSourcesBuildPhase;
			buildActionMask = 2147483647;
			files = (
				F8AC063D24707A6900028B14 /* Learn2CodeUITests.swift in Sources */,
			);
			runOnlyForDeploymentPostprocessing = 0;
		};
/* End PBXSourcesBuildPhase section */

/* Begin PBXTargetDependency section */
		F8AC062F24707A6900028B14 /* PBXTargetDependency */ = {
			isa = PBXTargetDependency;
			target = F8AC061624707A6800028B14 /* Learn2Code */;
			targetProxy = F8AC062E24707A6900028B14 /* PBXContainerItemProxy */;
		};
		F8AC063A24707A6900028B14 /* PBXTargetDependency */ = {
			isa = PBXTargetDependency;
			target = F8AC061624707A6800028B14 /* Learn2Code */;
			targetProxy = F8AC063924707A6900028B14 /* PBXContainerItemProxy */;
		};
/* End PBXTargetDependency section */

/* Begin PBXVariantGroup section */
		F8AC062024707A6800028B14 /* Main.storyboard */ = {
			isa = PBXVariantGroup;
			children = (
				F8AC062124707A6800028B14 /* Base */,
			);
			name = Main.storyboard;
			sourceTree = "<group>";
		};
		F8AC062524707A6900028B14 /* LaunchScreen.storyboard */ = {
			isa = PBXVariantGroup;
			children = (
				F8AC062624707A6900028B14 /* Base */,
			);
			name = LaunchScreen.storyboard;
			sourceTree = "<group>";
		};
/* End PBXVariantGroup section */

/* Begin XCBuildConfiguration section */
		F8AC063F24707A6900028B14 /* Debug */ = {
			isa = XCBuildConfiguration;
			buildSettings = {
				ALWAYS_SEARCH_USER_PATHS = NO;
				CLANG_ANALYZER_NONNULL = YES;
				CLANG_ANALYZER_NUMBER_OBJECT_CONVERSION = YES_AGGRESSIVE;
				CLANG_CXX_LANGUAGE_STANDARD = "gnu++14";
				CLANG_CXX_LIBRARY = "libc++";
				CLANG_ENABLE_MODULES = YES;
				CLANG_ENABLE_OBJC_ARC = YES;
				CLANG_ENABLE_OBJC_WEAK = YES;
				CLANG_WARN_BLOCK_CAPTURE_AUTORELEASING = YES;
				CLANG_WARN_BOOL_CONVERSION = YES;
				CLANG_WARN_COMMA = YES;
				CLANG_WARN_CONSTANT_CONVERSION = YES;
				CLANG_WARN_DEPRECATED_OBJC_IMPLEMENTATIONS = YES;
				CLANG_WARN_DIRECT_OBJC_ISA_USAGE = YES_ERROR;
				CLANG_WARN_DOCUMENTATION_COMMENTS = YES;
				CLANG_WARN_EMPTY_BODY = YES;
				CLANG_WARN_ENUM_CONVERSION = YES;
				CLANG_WARN_INFINITE_RECURSION = YES;
				CLANG_WARN_INT_CONVERSION = YES;
				CLANG_WARN_NON_LITERAL_NULL_CONVERSION = YES;
				CLANG_WARN_OBJC_IMPLICIT_RETAIN_SELF = YES;
				CLANG_WARN_OBJC_LITERAL_CONVERSION = YES;
				CLANG_WARN_OBJC_ROOT_CLASS = YES_ERROR;
				CLANG_WARN_RANGE_LOOP_ANALYSIS = YES;
				CLANG_WARN_STRICT_PROTOTYPES = YES;
				CLANG_WARN_SUSPICIOUS_MOVE = YES;
				CLANG_WARN_UNGUARDED_AVAILABILITY = YES_AGGRESSIVE;
				CLANG_WARN_UNREACHABLE_CODE = YES;
				CLANG_WARN__DUPLICATE_METHOD_MATCH = YES;
				COPY_PHASE_STRIP = NO;
				DEBUG_INFORMATION_FORMAT = dwarf;
				ENABLE_STRICT_OBJC_MSGSEND = YES;
				ENABLE_TESTABILITY = YES;
				GCC_C_LANGUAGE_STANDARD = gnu11;
				GCC_DYNAMIC_NO_PIC = NO;
				GCC_NO_COMMON_BLOCKS = YES;
				GCC_OPTIMIZATION_LEVEL = 0;
				GCC_PREPROCESSOR_DEFINITIONS = (
					"DEBUG=1",
					"$(inherited)",
				);
				GCC_WARN_64_TO_32_BIT_CONVERSION = YES;
				GCC_WARN_ABOUT_RETURN_TYPE = YES_ERROR;
				GCC_WARN_UNDECLARED_SELECTOR = YES;
				GCC_WARN_UNINITIALIZED_AUTOS = YES_AGGRESSIVE;
				GCC_WARN_UNUSED_FUNCTION = YES;
				GCC_WARN_UNUSED_VARIABLE = YES;
				IPHONEOS_DEPLOYMENT_TARGET = 13.2;
				MTL_ENABLE_DEBUG_INFO = INCLUDE_SOURCE;
				MTL_FAST_MATH = YES;
				ONLY_ACTIVE_ARCH = YES;
				SDKROOT = iphoneos;
				SWIFT_ACTIVE_COMPILATION_CONDITIONS = DEBUG;
				SWIFT_OPTIMIZATION_LEVEL = "-Onone";
			};
			name = Debug;
		};
		F8AC064024707A6900028B14 /* Release */ = {
			isa = XCBuildConfiguration;
			buildSettings = {
				ALWAYS_SEARCH_USER_PATHS = NO;
				CLANG_ANALYZER_NONNULL = YES;
				CLANG_ANALYZER_NUMBER_OBJECT_CONVERSION = YES_AGGRESSIVE;
				CLANG_CXX_LANGUAGE_STANDARD = "gnu++14";
				CLANG_CXX_LIBRARY = "libc++";
				CLANG_ENABLE_MODULES = YES;
				CLANG_ENABLE_OBJC_ARC = YES;
				CLANG_ENABLE_OBJC_WEAK = YES;
				CLANG_WARN_BLOCK_CAPTURE_AUTORELEASING = YES;
				CLANG_WARN_BOOL_CONVERSION = YES;
				CLANG_WARN_COMMA = YES;
				CLANG_WARN_CONSTANT_CONVERSION = YES;
				CLANG_WARN_DEPRECATED_OBJC_IMPLEMENTATIONS = YES;
				CLANG_WARN_DIRECT_OBJC_ISA_USAGE = YES_ERROR;
				CLANG_WARN_DOCUMENTATION_COMMENTS = YES;
				CLANG_WARN_EMPTY_BODY = YES;
				CLANG_WARN_ENUM_CONVERSION = YES;
				CLANG_WARN_INFINITE_RECURSION = YES;
				CLANG_WARN_INT_CONVERSION = YES;
				CLANG_WARN_NON_LITERAL_NULL_CONVERSION = YES;
				CLANG_WARN_OBJC_IMPLICIT_RETAIN_SELF = YES;
				CLANG_WARN_OBJC_LITERAL_CONVERSION = YES;
				CLANG_WARN_OBJC_ROOT_CLASS = YES_ERROR;
				CLANG_WARN_RANGE_LOOP_ANALYSIS = YES;
				CLANG_WARN_STRICT_PROTOTYPES = YES;
				CLANG_WARN_SUSPICIOUS_MOVE = YES;
				CLANG_WARN_UNGUARDED_AVAILABILITY = YES_AGGRESSIVE;
				CLANG_WARN_UNREACHABLE_CODE = YES;
				CLANG_WARN__DUPLICATE_METHOD_MATCH = YES;
				COPY_PHASE_STRIP = NO;
				DEBUG_INFORMATION_FORMAT = "dwarf-with-dsym";
				ENABLE_NS_ASSERTIONS = NO;
				ENABLE_STRICT_OBJC_MSGSEND = YES;
				GCC_C_LANGUAGE_STANDARD = gnu11;
				GCC_NO_COMMON_BLOCKS = YES;
				GCC_WARN_64_TO_32_BIT_CONVERSION = YES;
				GCC_WARN_ABOUT_RETURN_TYPE = YES_ERROR;
				GCC_WARN_UNDECLARED_SELECTOR = YES;
				GCC_WARN_UNINITIALIZED_AUTOS = YES_AGGRESSIVE;
				GCC_WARN_UNUSED_FUNCTION = YES;
				GCC_WARN_UNUSED_VARIABLE = YES;
				IPHONEOS_DEPLOYMENT_TARGET = 13.2;
				MTL_ENABLE_DEBUG_INFO = NO;
				MTL_FAST_MATH = YES;
				SDKROOT = iphoneos;
				SWIFT_COMPILATION_MODE = wholemodule;
				SWIFT_OPTIMIZATION_LEVEL = "-O";
				VALIDATE_PRODUCT = YES;
			};
			name = Release;
		};
		F8AC064224707A6900028B14 /* Debug */ = {
			isa = XCBuildConfiguration;
			buildSettings = {
				ASSETCATALOG_COMPILER_APPICON_NAME = AppIcon;
				CODE_SIGN_STYLE = Automatic;
				DEVELOPMENT_TEAM = 4YNCP4ASV9;
				INFOPLIST_FILE = Learn2Code/Info.plist;
				LD_RUNPATH_SEARCH_PATHS = (
					"$(inherited)",
					"@executable_path/Frameworks",
				);
				PRODUCT_BUNDLE_IDENTIFIER = sw.Learn2Code;
				PRODUCT_NAME = "$(TARGET_NAME)";
				SWIFT_VERSION = 5.0;
				TARGETED_DEVICE_FAMILY = "1,2";
			};
			name = Debug;
		};
		F8AC064324707A6900028B14 /* Release */ = {
			isa = XCBuildConfiguration;
			buildSettings = {
				ASSETCATALOG_COMPILER_APPICON_NAME = AppIcon;
				CODE_SIGN_STYLE = Automatic;
				DEVELOPMENT_TEAM = 4YNCP4ASV9;
				INFOPLIST_FILE = Learn2Code/Info.plist;
				LD_RUNPATH_SEARCH_PATHS = (
					"$(inherited)",
					"@executable_path/Frameworks",
				);
				PRODUCT_BUNDLE_IDENTIFIER = sw.Learn2Code;
				PRODUCT_NAME = "$(TARGET_NAME)";
				SWIFT_VERSION = 5.0;
				TARGETED_DEVICE_FAMILY = "1,2";
			};
			name = Release;
		};
		F8AC064524707A6900028B14 /* Debug */ = {
			isa = XCBuildConfiguration;
			buildSettings = {
				ALWAYS_EMBED_SWIFT_STANDARD_LIBRARIES = YES;
				BUNDLE_LOADER = "$(TEST_HOST)";
				CODE_SIGN_STYLE = Automatic;
				DEVELOPMENT_TEAM = 4YNCP4ASV9;
				INFOPLIST_FILE = Learn2CodeTests/Info.plist;
				IPHONEOS_DEPLOYMENT_TARGET = 13.2;
				LD_RUNPATH_SEARCH_PATHS = (
					"$(inherited)",
					"@executable_path/Frameworks",
					"@loader_path/Frameworks",
				);
				PRODUCT_BUNDLE_IDENTIFIER = sw.Learn2CodeTests;
				PRODUCT_NAME = "$(TARGET_NAME)";
				SWIFT_VERSION = 5.0;
				TARGETED_DEVICE_FAMILY = "1,2";
				TEST_HOST = "$(BUILT_PRODUCTS_DIR)/Learn2Code.app/Learn2Code";
			};
			name = Debug;
		};
		F8AC064624707A6900028B14 /* Release */ = {
			isa = XCBuildConfiguration;
			buildSettings = {
				ALWAYS_EMBED_SWIFT_STANDARD_LIBRARIES = YES;
				BUNDLE_LOADER = "$(TEST_HOST)";
				CODE_SIGN_STYLE = Automatic;
				DEVELOPMENT_TEAM = 4YNCP4ASV9;
				INFOPLIST_FILE = Learn2CodeTests/Info.plist;
				IPHONEOS_DEPLOYMENT_TARGET = 13.2;
				LD_RUNPATH_SEARCH_PATHS = (
					"$(inherited)",
					"@executable_path/Frameworks",
					"@loader_path/Frameworks",
				);
				PRODUCT_BUNDLE_IDENTIFIER = sw.Learn2CodeTests;
				PRODUCT_NAME = "$(TARGET_NAME)";
				SWIFT_VERSION = 5.0;
				TARGETED_DEVICE_FAMILY = "1,2";
				TEST_HOST = "$(BUILT_PRODUCTS_DIR)/Learn2Code.app/Learn2Code";
			};
			name = Release;
		};
		F8AC064824707A6900028B14 /* Debug */ = {
			isa = XCBuildConfiguration;
			buildSettings = {
				ALWAYS_EMBED_SWIFT_STANDARD_LIBRARIES = YES;
				CODE_SIGN_STYLE = Automatic;
				DEVELOPMENT_TEAM = 4YNCP4ASV9;
				INFOPLIST_FILE = Learn2CodeUITests/Info.plist;
				LD_RUNPATH_SEARCH_PATHS = (
					"$(inherited)",
					"@executable_path/Frameworks",
					"@loader_path/Frameworks",
				);
				PRODUCT_BUNDLE_IDENTIFIER = sw.Learn2CodeUITests;
				PRODUCT_NAME = "$(TARGET_NAME)";
				SWIFT_VERSION = 5.0;
				TARGETED_DEVICE_FAMILY = "1,2";
				TEST_TARGET_NAME = Learn2Code;
			};
			name = Debug;
		};
		F8AC064924707A6900028B14 /* Release */ = {
			isa = XCBuildConfiguration;
			buildSettings = {
				ALWAYS_EMBED_SWIFT_STANDARD_LIBRARIES = YES;
				CODE_SIGN_STYLE = Automatic;
				DEVELOPMENT_TEAM = 4YNCP4ASV9;
				INFOPLIST_FILE = Learn2CodeUITests/Info.plist;
				LD_RUNPATH_SEARCH_PATHS = (
					"$(inherited)",
					"@executable_path/Frameworks",
					"@loader_path/Frameworks",
				);
				PRODUCT_BUNDLE_IDENTIFIER = sw.Learn2CodeUITests;
				PRODUCT_NAME = "$(TARGET_NAME)";
				SWIFT_VERSION = 5.0;
				TARGETED_DEVICE_FAMILY = "1,2";
				TEST_TARGET_NAME = Learn2Code;
			};
			name = Release;
		};
/* End XCBuildConfiguration section */

/* Begin XCConfigurationList section */
		F8AC061224707A6800028B14 /* Build configuration list for PBXProject "Learn2Code" */ = {
			isa = XCConfigurationList;
			buildConfigurations = (
				F8AC063F24707A6900028B14 /* Debug */,
				F8AC064024707A6900028B14 /* Release */,
			);
			defaultConfigurationIsVisible = 0;
			defaultConfigurationName = Release;
		};
		F8AC064124707A6900028B14 /* Build configuration list for PBXNativeTarget "Learn2Code" */ = {
			isa = XCConfigurationList;
			buildConfigurations = (
				F8AC064224707A6900028B14 /* Debug */,
				F8AC064324707A6900028B14 /* Release */,
			);
			defaultConfigurationIsVisible = 0;
			defaultConfigurationName = Release;
		};
		F8AC064424707A6900028B14 /* Build configuration list for PBXNativeTarget "Learn2CodeTests" */ = {
			isa = XCConfigurationList;
			buildConfigurations = (
				F8AC064524707A6900028B14 /* Debug */,
				F8AC064624707A6900028B14 /* Release */,
			);
			defaultConfigurationIsVisible = 0;
			defaultConfigurationName = Release;
		};
		F8AC064724707A6900028B14 /* Build configuration list for PBXNativeTarget "Learn2CodeUITests" */ = {
			isa = XCConfigurationList;
			buildConfigurations = (
				F8AC064824707A6900028B14 /* Debug */,
				F8AC064924707A6900028B14 /* Release */,
			);
			defaultConfigurationIsVisible = 0;
			defaultConfigurationName = Release;
		};
/* End XCConfigurationList section */
	};
	rootObject = F8AC060F24707A6800028B14 /* Project object */;
}
